
Microsoft Visual Studio Solution File, Format Version 12.00
# Visual Studio Version 17
VisualStudioVersion = 17.14.36127.28 d17.14
MinimumVisualStudioVersion = 10.0.40219.1
Project("{FAE04EC0-301F-11D3-BF4B-00C04F79EFBC}") = "FakeShowBuilder", "FakeShowBuilder\FakeShowBuilder\FakeShowBuilder.csproj", "{59ECFECD-1263-4157-91E5-9C5CEB25B00B}"
EndProject
Project("{FAE04EC0-301F-11D3-BF4B-00C04F79EFBC}") = "FakeShowBuilder.Client", "FakeShowBuilder\FakeShowBuilder.Client\FakeShowBuilder.Client.csproj", "{33256252-B49A-4C2C-9546-1ADD9DEA8865}"
EndProject
Global
	GlobalSection(SolutionConfigurationPlatforms) = preSolution
		Debug|Any CPU = Debug|Any CPU
		Release|Any CPU = Release|Any CPU
	EndGlobalSection
	GlobalSection(ProjectConfigurationPlatforms) = postSolution
		{59ECFECD-1263-4157-91E5-9C5CEB25B00B}.Debug|Any CPU.ActiveCfg = Debug|Any CPU
		{59ECFECD-1263-4157-91E5-9C5CEB25B00B}.Debug|Any CPU.Build.0 = Debug|Any CPU
		{59ECFECD-1263-4157-91E5-9C5CEB25B00B}.Release|Any CPU.ActiveCfg = Release|Any CPU
		{59ECFECD-1263-4157-91E5-9C5CEB25B00B}.Release|Any CPU.Build.0 = Release|Any CPU
		{33256252-B49A-4C2C-9546-1ADD9DEA8865}.Debug|Any CPU.ActiveCfg = Debug|Any CPU
		{33256252-B49A-4C2C-9546-1ADD9DEA8865}.Debug|Any CPU.Build.0 = Debug|Any CPU
		{33256252-B49A-4C2C-9546-1ADD9DEA8865}.Release|Any CPU.ActiveCfg = Release|Any CPU
		{33256252-B49A-4C2C-9546-1ADD9DEA8865}.Release|Any CPU.Build.0 = Release|Any CPU
	EndGlobalSection
	GlobalSection(SolutionProperties) = preSolution
		HideSolutionNode = FALSE
	EndGlobalSection
	GlobalSection(ExtensibilityGlobals) = postSolution
		SolutionGuid = {F36612DF-3309-4D6F-BDF3-9F65A74636A2}
	EndGlobalSection
EndGlobal
